{
  "originHash" : "6574589d501a79ec61473bb7ce5d255fc4b97ddb1a0245264739682e36c8ef39",
  "pins" : [
    {
      "identity" : "abseil-cpp-binary",
      "kind" : "remoteSourceControl",
      "location" : "https://github.com/google/abseil-cpp-binary.git",
      "state" : {
        "revision" : "df308b8b46607675f2b9ec8e569109008f9155ce",
        "version" : "1.2022062300.1"
      }
    },
    {
      "identity" : "alamofire",
      "kind" : "remoteSourceControl",
      "location" : "https://github.com/Alamofire/Alamofire.git",
      "state" : {
        "revision" : "723fa5a6c65812aec4a0d7cc432ee198883b6e00",
        "version" : "5.9.0"
      }
    },
    {
      "identity" : "app-check",
      "kind" : "remoteSourceControl",
      "location" : "https://github.com/google/app-check.git",
      "state" : {
        "revision" : "3e464dad87dad2d29bb29a97836789bf0f8f67d2",
        "version" : "10.18.1"
      }
    },
    {
      "identity" : "appauth-ios",
      "kind" : "remoteSourceControl",
      "location" : "https://github.com/openid/AppAuth-iOS.git",
      "state" : {
        "revision" : "71cde449f13d453227e687458144bde372d30fc7",
        "version" : "1.6.2"
      }
    },
    {
      "identity" : "brightfutures",
      "kind" : "remoteSourceControl",
      "location" : "https://github.com/Thomvis/BrightFutures.git",
      "state" : {
        "revision" : "fa66fa183dce7196d431244d0215748cd14c5758",
        "version" : "8.2.0"
      }
    },
    {
      "identity" : "dropdown",
      "kind" : "remoteSourceControl",
      "location" : "https://github.com/AssistoLab/DropDown",
      "state" : {
        "branch" : "master",
        "revision" : "2ab6f6ce19f0117d1a76ea043ef8f57722c65d16"
      }
    },
    {
      "identity" : "easytipview",
      "kind" : "remoteSourceControl",
      "location" : "https://github.com/teodorpatras/EasyTipView",
      "state" : {
        "revision" : "1cba0e75f745da03773cd7092480c5fa8cde4a72",
        "version" : "2.1.0"
      }
    },
    {
      "identity" : "erik",
      "kind" : "remoteSourceControl",
      "location" : "https://github.com/phimage/Erik.git",
      "state" : {
        "revision" : "109a130e9cdb00789a43a7a625293eeb12d22989",
        "version" : "5.1.0"
      }
    },
    {
      "identity" : "filekit",
      "kind" : "remoteSourceControl",
      "location" : "https://github.com/nvzqz/FileKit.git",
      "state" : {
        "revision" : "9006d2888025fbe893c3c396327b2fe45a8c177b",
        "version" : "6.1.0"
      }
    },
    {
      "identity" : "firebase-ios-sdk",
      "kind" : "remoteSourceControl",
      "location" : "https://github.com/firebase/firebase-ios-sdk",
      "state" : {
        "revision" : "fe09d61a539e11fdbe24f269bba10144b6145fe2",
        "version" : "10.22.0"
      }
    },
    {
      "identity" : "floatingpanel",
      "kind" : "remoteSourceControl",
      "location" : "https://github.com/scenee/FloatingPanel.git",
      "state" : {
        "revision" : "8f2be39bf49b4d5e22bbf7bdde69d5b76d0ecd2a",
        "version" : "2.8.2"
      }
    },
    {
      "identity" : "googleappmeasurement",
      "kind" : "remoteSourceControl",
      "location" : "https://github.com/google/GoogleAppMeasurement.git",
      "state" : {
        "revision" : "bf3bb24f6b60a7acedaef504e9ce97154203217a",
        "version" : "10.22.0"
      }
    },
    {
      "identity" : "googledatatransport",
      "kind" : "remoteSourceControl",
      "location" : "https://github.com/google/GoogleDataTransport.git",
      "state" : {
        "revision" : "a637d318ae7ae246b02d7305121275bc75ed5565",
        "version" : "9.4.0"
      }
    },
    {
      "identity" : "googlesignin-ios",
      "kind" : "remoteSourceControl",
      "location" : "https://github.com/google/GoogleSignIn-iOS",
      "state" : {
        "revision" : "7932d33686c1dc4d7df7a919aae47361d1cdfda4",
        "version" : "7.0.0"
      }
    },
    {
      "identity" : "googleutilities",
      "kind" : "remoteSourceControl",
      "location" : "https://github.com/google/GoogleUtilities.git",
      "state" : {
        "revision" : "26c898aed8bed13b8a63057ee26500abbbcb8d55",
        "version" : "7.13.1"
      }
    },
    {
      "identity" : "grpc-binary",
      "kind" : "remoteSourceControl",
      "location" : "https://github.com/google/grpc-binary.git",
      "state" : {
        "revision" : "ea4cb5cc0c39c732b85386263116d2e2fdbbdc61",
        "version" : "1.49.2"
      }
    },
    {
      "identity" : "gtm-session-fetcher",
      "kind" : "remoteSourceControl",
      "location" : "https://github.com/google/gtm-session-fetcher.git",
      "state" : {
        "revision" : "76135c9f4e1ac85459d5fec61b6f76ac47ab3a4c",
        "version" : "3.3.1"
      }
    },
    {
      "identity" : "gtmappauth",
      "kind" : "remoteSourceControl",
      "location" : "https://github.com/google/GTMAppAuth.git",
      "state" : {
        "revision" : "cee3c709307912d040bd1e06ca919875a92339c6",
        "version" : "2.0.0"
      }
    },
    {
      "identity" : "inputbaraccessoryview",
      "kind" : "remoteSourceControl",
      "location" : "https://github.com/nathantannar4/InputBarAccessoryView",
      "state" : {
        "revision" : "17ced92a5dccb36512b408b6276353631d7cbe57",
        "version" : "6.3.0"
      }
    },
    {
      "identity" : "interop-ios-for-google-sdks",
      "kind" : "remoteSourceControl",
      "location" : "https://github.com/google/interop-ios-for-google-sdks.git",
      "state" : {
        "revision" : "2d12673670417654f08f5f90fdd62926dc3a2648",
        "version" : "100.0.0"
      }
    },
    {
      "identity" : "kanna",
      "kind" : "remoteSourceControl",
      "location" : "https://github.com/tid-kijyun/Kanna.git",
      "state" : {
        "revision" : "41c3d28ea0eac07e4551b28def9de1ede702e739",
        "version" : "5.3.0"
      }
    },
    {
      "identity" : "keychain-swift",
      "kind" : "remoteSourceControl",
      "location" : "https://github.com/evgenyneu/keychain-swift",
      "state" : {
        "revision" : "d108a1fa6189e661f91560548ef48651ed8d93b9",
        "version" : "20.0.0"
      }
    },
    {
      "identity" : "kingfisher",
      "kind" : "remoteSourceControl",
      "location" : "https://github.com/onevcat/Kingfisher.git",
      "state" : {
        "revision" : "5b92f029fab2cce44386d28588098b5be0824ef5",
        "version" : "7.11.0"
      }
    },
    {
      "identity" : "leveldb",
      "kind" : "remoteSourceControl",
      "location" : "https://github.com/firebase/leveldb.git",
      "state" : {
        "revision" : "43aaef65e0c665daadf848761d560e446d350d3d",
        "version" : "1.22.4"
      }
    },
    {
      "identity" : "markdownview",
      "kind" : "remoteSourceControl",
      "location" : "https://github.com/keitaoouchi/MarkdownView",
      "state" : {
        "revision" : "5e62a27f1002cd63c350ef1a4c640ddcd1f1ed48",
        "version" : "1.9.1"
      }
    },
    {
      "identity" : "messagekit",
      "kind" : "remoteSourceControl",
      "location" : "https://github.com/MessageKit/MessageKit.git",
      "state" : {
        "revision" : "1993e8e90d4e9a61b8d9bc8ceb733964ce943376",
        "version" : "4.2.0"
      }
    },
    {
      "identity" : "nanopb",
      "kind" : "remoteSourceControl",
      "location" : "https://github.com/firebase/nanopb.git",
      "state" : {
        "revision" : "b7e1104502eca3a213b46303391ca4d3bc8ddec1",
        "version" : "2.30910.0"
      }
    },
    {
      "identity" : "oauthswift",
      "kind" : "remoteSourceControl",
      "location" : "https://github.com/OAuthSwift/OAuthSwift",
      "state" : {
        "revision" : "d85964b96dbce94df961f28b996187c835089903",
        "version" : "2.2.0"
      }
    },
    {
      "identity" : "promises",
      "kind" : "remoteSourceControl",
      "location" : "https://github.com/google/promises.git",
      "state" : {
        "revision" : "540318ecedd63d883069ae7f1ed811a2df00b6ac",
        "version" : "2.4.0"
      }
    },
    {
      "identity" : "snapkit",
      "kind" : "remoteSourceControl",
      "location" : "https://github.com/SnapKit/SnapKit",
      "state" : {
        "revision" : "2842e6e84e82eb9a8dac0100ca90d9444b0307f4",
        "version" : "5.7.1"
      }
    },
    {
      "identity" : "swift-cmark",
      "kind" : "remoteSourceControl",
      "location" : "https://github.com/apple/swift-cmark.git",
      "state" : {
        "revision" : "f218e5d7691f78b55bfa39b367763f4612486c35",
        "version" : "0.3.0"
      }
    },
    {
      "identity" : "swift-markdown",
      "kind" : "remoteSourceControl",
      "location" : "https://github.com/apple/swift-markdown",
      "state" : {
        "revision" : "e4f95e2dc23097a1a9a1dfdfe3fe3ee44de77378",
        "version" : "0.3.0"
      }
    },
    {
      "identity" : "swift-protobuf",
      "kind" : "remoteSourceControl",
      "location" : "https://github.com/apple/swift-protobuf.git",
      "state" : {
        "revision" : "65e8f29b2d63c4e38e736b25c27b83e012159be8",
        "version" : "1.25.2"
      }
    },
    {
      "identity" : "swifter",
      "kind" : "remoteSourceControl",
      "location" : "https://github.com/httpswift/swifter.git",
      "state" : {
        "revision" : "9483a5d459b45c3ffd059f7b55f9638e268632fd",
        "version" : "1.5.0"
      }
    },
    {
      "identity" : "then",
      "kind" : "remoteSourceControl",
      "location" : "https://github.com/devxoul/Then.git",
      "state" : {
        "revision" : "d41ef523faef0f911369f79c0b96815d9dbb6d7a",
        "version" : "3.0.0"
      }
    }
  ],
  "version" : 3
}
